#MicroXplorer Configuration settings - do not modify
ARM.CMSIS.5.6.0.CMSISJjARM.apiComponent0=Device\:IRQ Controller
ARM.CMSIS.5.6.0.CMSISJjARM.apiComponent1=Device\:OS Tick
ARM.CMSIS.5.6.0.CMSISJjARM.apiComponent10=CMSIS Driver\:SAI
ARM.CMSIS.5.6.0.CMSISJjARM.apiComponent11=CMSIS Driver\:I2C
ARM.CMSIS.5.6.0.CMSISJjARM.apiComponent12=CMSIS Driver\:I2C
ARM.CMSIS.5.6.0.CMSISJjARM.apiComponent13=CMSIS Driver\:CAN
ARM.CMSIS.5.6.0.CMSISJjARM.apiComponent14=CMSIS Driver\:CAN
ARM.CMSIS.5.6.0.CMSISJjARM.apiComponent15=CMSIS Driver\:Flash
ARM.CMSIS.5.6.0.CMSISJjARM.apiComponent16=CMSIS Driver\:Flash
ARM.CMSIS.5.6.0.CMSISJjARM.apiComponent17=CMSIS Driver\:MCI
ARM.CMSIS.5.6.0.CMSISJjARM.apiComponent18=CMSIS Driver\:MCI
ARM.CMSIS.5.6.0.CMSISJjARM.apiComponent19=CMSIS Driver\:NAND
ARM.CMSIS.5.6.0.CMSISJjARM.apiComponent2=CMSIS\:RTOS
ARM.CMSIS.5.6.0.CMSISJjARM.apiComponent20=CMSIS Driver\:NAND
ARM.CMSIS.5.6.0.CMSISJjARM.apiComponent21=CMSIS Driver\:Ethernet
ARM.CMSIS.5.6.0.CMSISJjARM.apiComponent22=CMSIS Driver\:Ethernet
ARM.CMSIS.5.6.0.CMSISJjARM.apiComponent23=CMSIS Driver\:Ethernet
ARM.CMSIS.5.6.0.CMSISJjARM.apiComponent24=CMSIS Driver\:Ethernet MAC
ARM.CMSIS.5.6.0.CMSISJjARM.apiComponent25=CMSIS Driver\:Ethernet MAC
ARM.CMSIS.5.6.0.CMSISJjARM.apiComponent26=CMSIS Driver\:Ethernet PHY
ARM.CMSIS.5.6.0.CMSISJjARM.apiComponent27=CMSIS Driver\:Ethernet PHY
ARM.CMSIS.5.6.0.CMSISJjARM.apiComponent28=CMSIS Driver\:USB Device
ARM.CMSIS.5.6.0.CMSISJjARM.apiComponent29=CMSIS Driver\:USB Device
ARM.CMSIS.5.6.0.CMSISJjARM.apiComponent3=CMSIS\:RTOS2
ARM.CMSIS.5.6.0.CMSISJjARM.apiComponent30=CMSIS Driver\:USB Host
ARM.CMSIS.5.6.0.CMSISJjARM.apiComponent31=CMSIS Driver\:USB Host
ARM.CMSIS.5.6.0.CMSISJjARM.apiComponent32=CMSIS Driver\:WiFi
ARM.CMSIS.5.6.0.CMSISJjARM.apiComponent33=CMSIS Driver\:WiFi
ARM.CMSIS.5.6.0.CMSISJjARM.apiComponent4=CMSIS\:RTOS2
ARM.CMSIS.5.6.0.CMSISJjARM.apiComponent5=CMSIS Driver\:USART
ARM.CMSIS.5.6.0.CMSISJjARM.apiComponent6=CMSIS Driver\:USART
ARM.CMSIS.5.6.0.CMSISJjARM.apiComponent7=CMSIS Driver\:SPI
ARM.CMSIS.5.6.0.CMSISJjARM.apiComponent8=CMSIS Driver\:SPI
ARM.CMSIS.5.6.0.CMSISJjARM.apiComponent9=CMSIS Driver\:SAI
ARM.CMSIS.5.6.0.CMSISJjARM.apiDoc0=CMSIS/Core_A/Include/irq_ctrl.h
ARM.CMSIS.5.6.0.CMSISJjARM.apiDoc1=CMSIS/RTOS2/Include/os_tick.h
ARM.CMSIS.5.6.0.CMSISJjARM.apiDoc10=CMSIS/Driver/Include/Driver_SAI.h
ARM.CMSIS.5.6.0.CMSISJjARM.apiDoc11=CMSIS/Documentation/Driver/html/group__i2c__interface__gr.html
ARM.CMSIS.5.6.0.CMSISJjARM.apiDoc12=CMSIS/Driver/Include/Driver_I2C.h
ARM.CMSIS.5.6.0.CMSISJjARM.apiDoc13=CMSIS/Documentation/Driver/html/group__can__interface__gr.html
ARM.CMSIS.5.6.0.CMSISJjARM.apiDoc14=CMSIS/Driver/Include/Driver_CAN.h
ARM.CMSIS.5.6.0.CMSISJjARM.apiDoc15=CMSIS/Documentation/Driver/html/group__flash__interface__gr.html
ARM.CMSIS.5.6.0.CMSISJjARM.apiDoc16=CMSIS/Driver/Include/Driver_Flash.h
ARM.CMSIS.5.6.0.CMSISJjARM.apiDoc17=CMSIS/Documentation/Driver/html/group__mci__interface__gr.html
ARM.CMSIS.5.6.0.CMSISJjARM.apiDoc18=CMSIS/Driver/Include/Driver_MCI.h
ARM.CMSIS.5.6.0.CMSISJjARM.apiDoc19=CMSIS/Documentation/Driver/html/group__nand__interface__gr.html
ARM.CMSIS.5.6.0.CMSISJjARM.apiDoc2=CMSIS/Documentation/RTOS/html/index.html
ARM.CMSIS.5.6.0.CMSISJjARM.apiDoc20=CMSIS/Driver/Include/Driver_NAND.h
ARM.CMSIS.5.6.0.CMSISJjARM.apiDoc21=CMSIS/Documentation/Driver/html/group__eth__interface__gr.html
ARM.CMSIS.5.6.0.CMSISJjARM.apiDoc22=CMSIS/Driver/Include/Driver_ETH_MAC.h
ARM.CMSIS.5.6.0.CMSISJjARM.apiDoc23=CMSIS/Driver/Include/Driver_ETH_PHY.h
ARM.CMSIS.5.6.0.CMSISJjARM.apiDoc24=CMSIS/Documentation/Driver/html/group__eth__mac__interface__gr.html
ARM.CMSIS.5.6.0.CMSISJjARM.apiDoc25=CMSIS/Driver/Include/Driver_ETH_MAC.h
ARM.CMSIS.5.6.0.CMSISJjARM.apiDoc26=CMSIS/Documentation/Driver/html/group__eth__phy__interface__gr.html
ARM.CMSIS.5.6.0.CMSISJjARM.apiDoc27=CMSIS/Driver/Include/Driver_ETH_PHY.h
ARM.CMSIS.5.6.0.CMSISJjARM.apiDoc28=CMSIS/Documentation/Driver/html/group__usbd__interface__gr.html
ARM.CMSIS.5.6.0.CMSISJjARM.apiDoc29=CMSIS/Driver/Include/Driver_USBD.h
ARM.CMSIS.5.6.0.CMSISJjARM.apiDoc3=CMSIS/Documentation/RTOS2/html/index.html
ARM.CMSIS.5.6.0.CMSISJjARM.apiDoc30=CMSIS/Documentation/Driver/html/group__usbh__interface__gr.html
ARM.CMSIS.5.6.0.CMSISJjARM.apiDoc31=CMSIS/Driver/Include/Driver_USBH.h
ARM.CMSIS.5.6.0.CMSISJjARM.apiDoc32=CMSIS/Documentation/Driver/html/group__wifi__interface__gr.html
ARM.CMSIS.5.6.0.CMSISJjARM.apiDoc33=CMSIS/Driver/Include/Driver_WiFi.h
ARM.CMSIS.5.6.0.CMSISJjARM.apiDoc4=CMSIS/RTOS2/Include/cmsis_os2.h
ARM.CMSIS.5.6.0.CMSISJjARM.apiDoc5=CMSIS/Documentation/Driver/html/group__usart__interface__gr.html
ARM.CMSIS.5.6.0.CMSISJjARM.apiDoc6=CMSIS/Driver/Include/Driver_USART.h
ARM.CMSIS.5.6.0.CMSISJjARM.apiDoc7=CMSIS/Documentation/Driver/html/group__spi__interface__gr.html
ARM.CMSIS.5.6.0.CMSISJjARM.apiDoc8=CMSIS/Driver/Include/Driver_SPI.h
ARM.CMSIS.5.6.0.CMSISJjARM.apiDoc9=CMSIS/Documentation/Driver/html/group__sai__interface__gr.html
ARM.CMSIS.5.6.0.CMSISJjARM.cmp_version0=1.7.0
ARM.CMSIS.5.6.0.CMSISJjARM.component0=CMSIS
ARM.CMSIS.5.6.0.CMSISJjARM.componentDoc0=CMSIS/Documentation/DSP/html/index.html
ARM.CMSIS.5.6.0.CMSISJjARM.description0=CMSIS-DSP Library for Cortex-M, SC000, and SC300
ARM.CMSIS.5.6.0.CMSISJjARM.diagnostic0=This component requires one or more component from the same SW pack to operate correctly
ARM.CMSIS.5.6.0.CMSISJjARM.group0=DSP
ARM.CMSIS.5.6.0.CMSISJjARM.paramName0=CMSISJjDSP
ARM.CMSIS.5.6.0.CMSISJjARM.sevirity0=minor
ARM.CMSIS.5.6.0.CMSISJjARM.variant0=Library
ARM.CMSIS.5.6.0.CMSISJjARM_apiSize=34
ARM.CMSIS.5.6.0.CMSISJjARM_bundle=CMSIS
ARM.CMSIS.5.6.0.CMSISJjARM_class=CMSIS
ARM.CMSIS.5.6.0.CMSISJjARM_name=CMSIS
ARM.CMSIS.5.6.0.CMSISJjARM_size=1
ARM.CMSIS.5.6.0.CMSISJjARM_vendor=ARM
ARM.CMSIS.5.6.0.CMSISJjARM_version=5.6.0
ARM.CMSIS.5.6.0.CMSISJjDSP=Library
ARM.CMSIS.5.6.0.IPParameters=CMSISJjDSP
ARM.CMSIS.5.6.0_CMSISJjARM_RteComponentsize=0
ARM.CMSIS.5.6.0_CMSISOoDriverJjARM_RteComponentsize=0
ARM.CMSIS.5.6.0_DeviceJjARM_RteComponentsize=0
ARM.CMSIS.5.6.0_SwParameter=CMSISJjDSP\:Library;
ARM.CMSIS.5.6.0_description=CMSIS (Cortex Microcontroller Software Interface Standard)
ARM.CMSIS.5.6.0_license=
File.Version=6
KeepUserPlacement=false
Mcu.Family=STM32F1
Mcu.IP0=NVIC
Mcu.IP1=RCC
Mcu.IP2=SPI1
Mcu.IP3=SYS
Mcu.IP4=USART1
Mcu.IPNb=5
Mcu.Name=STM32F103C(8-B)Tx
Mcu.Package=LQFP48
Mcu.Pin0=PC13-TAMPER-RTC
Mcu.Pin1=PA4
Mcu.Pin2=PA5
Mcu.Pin3=PA7
Mcu.Pin4=PA10
Mcu.Pin5=PA11
Mcu.Pin6=PB6
Mcu.Pin7=PB7
Mcu.Pin8=VP_SYS_VS_ND
Mcu.Pin9=VP_SYS_VS_Systick
Mcu.PinsNb=10
Mcu.ThirdParty0=ARM.CMSIS.5.6.0
Mcu.ThirdPartyNb=1
Mcu.UserConstants=
Mcu.UserName=STM32F103C8Tx
MxCube.Version=5.3.0
MxDb.Version=DB.5.0.30
NVIC.BusFault_IRQn=true\:0\:0\:false\:false\:true\:false\:false
NVIC.DebugMonitor_IRQn=true\:0\:0\:false\:false\:true\:false\:false
NVIC.HardFault_IRQn=true\:0\:0\:false\:false\:true\:false\:false
NVIC.MemoryManagement_IRQn=true\:0\:0\:false\:false\:true\:false\:false
NVIC.NonMaskableInt_IRQn=true\:0\:0\:false\:false\:true\:false\:false
NVIC.PendSV_IRQn=true\:0\:0\:false\:false\:true\:false\:false
NVIC.PriorityGroup=NVIC_PRIORITYGROUP_4
NVIC.SVCall_IRQn=true\:0\:0\:false\:false\:true\:false\:false
NVIC.SysTick_IRQn=true\:0\:0\:false\:false\:true\:false\:true
NVIC.UsageFault_IRQn=true\:0\:0\:false\:false\:true\:false\:false
PA10.Locked=true
PA10.Signal=GPIO_Output
PA11.Locked=true
PA11.Signal=GPIO_Output
PA4.Locked=true
PA4.Signal=GPIO_Output
PA5.Locked=true
PA5.Mode=TX_Only_Simplex_Unidirect_Master
PA5.Signal=SPI1_SCK
PA7.Locked=true
PA7.Mode=TX_Only_Simplex_Unidirect_Master
PA7.Signal=SPI1_MOSI
PB6.Mode=Asynchronous
PB6.Signal=USART1_TX
PB7.Mode=Asynchronous
PB7.Signal=USART1_RX
PC13-TAMPER-RTC.GPIOParameters=GPIO_Speed
PC13-TAMPER-RTC.GPIO_Speed=GPIO_SPEED_FREQ_HIGH
PC13-TAMPER-RTC.Locked=true
PC13-TAMPER-RTC.Signal=GPIO_Output
PCC.Checker=false
PCC.Line=STM32F103
PCC.MCU=STM32F103C(8-B)Tx
PCC.PartNumber=STM32F103C8Tx
PCC.Seq0=0
PCC.Series=STM32F1
PCC.Temperature=25
PCC.Vdd=3.3
PinOutPanel.RotationAngle=0
ProjectManager.AskForMigrate=true
ProjectManager.BackupPrevious=false
ProjectManager.CompilerOptimize=6
ProjectManager.ComputerToolchain=false
ProjectManager.CoupleFile=false
ProjectManager.CustomerFirmwarePackage=
ProjectManager.DefaultFWLocation=true
ProjectManager.DeletePrevious=true
ProjectManager.DeviceId=STM32F103C8Tx
ProjectManager.FirmwarePackage=STM32Cube FW_F1 V1.8.0
ProjectManager.FreePins=false
ProjectManager.HalAssertFull=false
ProjectManager.HeapSize=0x200
ProjectManager.KeepUserCode=false
ProjectManager.LastFirmware=true
ProjectManager.LibraryCopy=2
ProjectManager.MainLocation=Src
ProjectManager.NoMain=false
ProjectManager.PreviousToolchain=STM32CubeIDE
ProjectManager.ProjectBuild=false
ProjectManager.ProjectFileName=LCD2.ioc
ProjectManager.ProjectName=LCD2
ProjectManager.StackSize=0x400
ProjectManager.TargetToolchain=STM32CubeIDE
ProjectManager.ToolChainLocation=
ProjectManager.UnderRoot=true
ProjectManager.functionlistsort=1-MX_GPIO_Init-GPIO-false-LL-true,2-SystemClock_Config-RCC-false-LL-false,3-MX_SPI1_Init-SPI1-false-HAL-true,4-MX_USART1_UART_Init-USART1-false-LL-true
RCC.ADCFreqValue=24000000
RCC.AHBFreq_Value=48000000
RCC.APB1CLKDivider=RCC_HCLK_DIV2
RCC.APB1Freq_Value=24000000
RCC.APB1TimFreq_Value=48000000
RCC.APB2Freq_Value=48000000
RCC.APB2TimFreq_Value=48000000
RCC.FCLKCortexFreq_Value=48000000
RCC.FamilyName=M
RCC.HCLKFreq_Value=48000000
RCC.IPParameters=ADCFreqValue,AHBFreq_Value,APB1CLKDivider,APB1Freq_Value,APB1TimFreq_Value,APB2Freq_Value,APB2TimFreq_Value,FCLKCortexFreq_Value,FamilyName,HCLKFreq_Value,MCOFreq_Value,PLLCLKFreq_Value,PLLMCOFreq_Value,PLLMUL,SYSCLKFreq_VALUE,SYSCLKSource,TimSysFreq_Value,USBFreq_Value
RCC.MCOFreq_Value=48000000
RCC.PLLCLKFreq_Value=48000000
RCC.PLLMCOFreq_Value=24000000
RCC.PLLMUL=RCC_PLL_MUL12
RCC.SYSCLKFreq_VALUE=48000000
RCC.SYSCLKSource=RCC_SYSCLKSOURCE_PLLCLK
RCC.TimSysFreq_Value=48000000
RCC.USBFreq_Value=48000000
SPI1.BaudRatePrescaler=SPI_BAUDRATEPRESCALER_4
SPI1.CalculateBaudRate=12.0 MBits/s
SPI1.Direction=SPI_DIRECTION_2LINES
SPI1.IPParameters=VirtualType,Mode,Direction,CalculateBaudRate,BaudRatePrescaler
SPI1.Mode=SPI_MODE_MASTER
SPI1.VirtualType=VM_MASTER
USART1.IPParameters=VirtualMode,WordLength,Parity,Mode
USART1.Mode=MODE_TX
USART1.Parity=PARITY_EVEN
USART1.VirtualMode=VM_ASYNC
USART1.WordLength=WORDLENGTH_9B
VP_SYS_VS_ND.Mode=No_Debug
VP_SYS_VS_ND.Signal=SYS_VS_ND
VP_SYS_VS_Systick.Mode=SysTick
VP_SYS_VS_Systick.Signal=SYS_VS_Systick
board=custom
